
Microsoft Visual Studio Solution File, Format Version 12.00
# Visual Studio Version 17
VisualStudioVersion = 17.4.33403.182
MinimumVisualStudioVersion = 10.0.40219.1
Project("{FAE04EC0-301F-11D3-BF4B-00C04F79EFBC}") = "SmartGPA", "SmartGPA\SmartGPA.csproj", "{8FDE574A-DEEA-4B9D-B796-CB6E92AE895C}"
EndProject
Global
	GlobalSection(SolutionConfigurationPlatforms) = preSolution
		Debug|Any CPU = Debug|Any CPU
		Release|Any CPU = Release|Any CPU
	EndGlobalSection
	GlobalSection(ProjectConfigurationPlatforms) = postSolution
		{8FDE574A-DEEA-4B9D-B796-CB6E92AE895C}.Debug|Any CPU.ActiveCfg = Debug|Any CPU
		{8FDE574A-DEEA-4B9D-B796-CB6E92AE895C}.Debug|Any CPU.Build.0 = Debug|Any CPU
		{8FDE574A-DEEA-4B9D-B796-CB6E92AE895C}.Release|Any CPU.ActiveCfg = Release|Any CPU
		{8FDE574A-DEEA-4B9D-B796-CB6E92AE895C}.Release|Any CPU.Build.0 = Release|Any CPU
	EndGlobalSection
	GlobalSection(SolutionProperties) = preSolution
		HideSolutionNode = FALSE
	EndGlobalSection
	GlobalSection(ExtensibilityGlobals) = postSolution
		SolutionGuid = {DFD25C8C-2200-43F6-8D8C-4C083E85DFE6}
	EndGlobalSection
EndGlobal
